{
  "name": "myserver",
  "version": "0.0.1",
  "lockfileVersion": 1,
  "requires": true,
  "dependencies": {
    "ejs": {
      "version": "1.0.0",
      "resolved": "https://registry.npmjs.org/ejs/-/ejs-1.0.0.tgz",
      "integrity": "sha1-ycYKSKRu5FL7MqccMXuV5aofyz0="
    },
    "static-resource": {
      "version": "0.1.0",
      "resolved": "https://registry.npmjs.org/static-resource/-/static-resource-0.1.0.tgz",
      "integrity": "sha1-CSPCWRNHOTdj2kMfDg070gOQoCU="
    }
  }
}
